
Microsoft Visual Studio Solution File, Format Version 12.00
# Visual Studio Version 16
VisualStudioVersion = 16.0.34301.259
MinimumVisualStudioVersion = 10.0.40219.1
Project("{FAE04EC0-301F-11D3-BF4B-00C04F79EFBC}") = "HelloWorldCore", "HelloWorldCore\HelloWorldCore.csproj", "{CA2B2D42-51A4-4796-9D5F-8B14819135A9}"
EndProject
Global
	GlobalSection(SolutionConfigurationPlatforms) = preSolution
		Debug|Any CPU = Debug|Any CPU
		Release|Any CPU = Release|Any CPU
	EndGlobalSection
	GlobalSection(ProjectConfigurationPlatforms) = postSolution
		{CA2B2D42-51A4-4796-9D5F-8B14819135A9}.Debug|Any CPU.ActiveCfg = Debug|Any CPU
		{CA2B2D42-51A4-4796-9D5F-8B14819135A9}.Debug|Any CPU.Build.0 = Debug|Any CPU
		{CA2B2D42-51A4-4796-9D5F-8B14819135A9}.Release|Any CPU.ActiveCfg = Release|Any CPU
		{CA2B2D42-51A4-4796-9D5F-8B14819135A9}.Release|Any CPU.Build.0 = Release|Any CPU
	EndGlobalSection
	GlobalSection(SolutionProperties) = preSolution
		HideSolutionNode = FALSE
	EndGlobalSection
	GlobalSection(ExtensibilityGlobals) = postSolution
		SolutionGuid = {3700E8CE-C2EF-400A-AB50-31FB6D3205E6}
	EndGlobalSection
EndGlobal
