
Microsoft Visual Studio Solution File, Format Version 12.00
# Visual Studio Version 16
VisualStudioVersion = 16.0.34301.259
MinimumVisualStudioVersion = 10.0.40219.1
Project("{FAE04EC0-301F-11D3-BF4B-00C04F79EFBC}") = "Calculadora_NUnit", "Calculadora_NUnit\Calculadora_NUnit.csproj", "{AE7D56CA-C9B3-4E97-BD0E-6B045D560381}"
EndProject
Project("{FAE04EC0-301F-11D3-BF4B-00C04F79EFBC}") = "TestCalculadora", "TestCalculadora\TestCalculadora.csproj", "{97A6FDB8-2635-4328-ACD6-0F65DE82528B}"
EndProject
Global
	GlobalSection(SolutionConfigurationPlatforms) = preSolution
		Debug|Any CPU = Debug|Any CPU
		Release|Any CPU = Release|Any CPU
	EndGlobalSection
	GlobalSection(ProjectConfigurationPlatforms) = postSolution
		{AE7D56CA-C9B3-4E97-BD0E-6B045D560381}.Debug|Any CPU.ActiveCfg = Debug|Any CPU
		{AE7D56CA-C9B3-4E97-BD0E-6B045D560381}.Debug|Any CPU.Build.0 = Debug|Any CPU
		{AE7D56CA-C9B3-4E97-BD0E-6B045D560381}.Release|Any CPU.ActiveCfg = Release|Any CPU
		{AE7D56CA-C9B3-4E97-BD0E-6B045D560381}.Release|Any CPU.Build.0 = Release|Any CPU
		{97A6FDB8-2635-4328-ACD6-0F65DE82528B}.Debug|Any CPU.ActiveCfg = Debug|Any CPU
		{97A6FDB8-2635-4328-ACD6-0F65DE82528B}.Debug|Any CPU.Build.0 = Debug|Any CPU
		{97A6FDB8-2635-4328-ACD6-0F65DE82528B}.Release|Any CPU.ActiveCfg = Release|Any CPU
		{97A6FDB8-2635-4328-ACD6-0F65DE82528B}.Release|Any CPU.Build.0 = Release|Any CPU
	EndGlobalSection
	GlobalSection(SolutionProperties) = preSolution
		HideSolutionNode = FALSE
	EndGlobalSection
	GlobalSection(ExtensibilityGlobals) = postSolution
		SolutionGuid = {73C28971-D31D-4689-B0F3-5D8163641516}
	EndGlobalSection
EndGlobal
